
Microsoft Visual Studio Solution File, Format Version 12.00
# Visual Studio 2012
Project("{FAE04EC0-301F-11D3-BF4B-00C04F79EFBC}") = "CharterQuoting", "CharterQuoting\CharterQuoting.csproj", "{1CA2D8B1-061C-46E5-9DD6-404B5DAAD27C}"
EndProject
Project("{FAE04EC0-301F-11D3-BF4B-00C04F79EFBC}") = "CharterQuoting.iOS", "iOS\CharterQuoting.iOS.csproj", "{67A3078B-74C1-46BB-91ED-04A3484B02E7}"
EndProject
Project("{FAE04EC0-301F-11D3-BF4B-00C04F79EFBC}") = "CharterQuoting.Droid", "Droid\CharterQuoting.Droid.csproj", "{F51BD923-E28A-4BEA-9194-9FFBA7CD04D4}"
EndProject
Global
	GlobalSection(SolutionConfigurationPlatforms) = preSolution
		Debug|Any CPU = Debug|Any CPU
		Release|Any CPU = Release|Any CPU
		Debug|iPhoneSimulator = Debug|iPhoneSimulator
		Release|iPhone = Release|iPhone
		Release|iPhoneSimulator = Release|iPhoneSimulator
		Debug|iPhone = Debug|iPhone
	EndGlobalSection
	GlobalSection(ProjectConfigurationPlatforms) = postSolution
		{1CA2D8B1-061C-46E5-9DD6-404B5DAAD27C}.Debug|Any CPU.ActiveCfg = Debug|Any CPU
		{1CA2D8B1-061C-46E5-9DD6-404B5DAAD27C}.Debug|Any CPU.Build.0 = Debug|Any CPU
		{1CA2D8B1-061C-46E5-9DD6-404B5DAAD27C}.Release|Any CPU.ActiveCfg = Release|Any CPU
		{1CA2D8B1-061C-46E5-9DD6-404B5DAAD27C}.Release|Any CPU.Build.0 = Release|Any CPU
		{1CA2D8B1-061C-46E5-9DD6-404B5DAAD27C}.Debug|iPhoneSimulator.ActiveCfg = Debug|Any CPU
		{1CA2D8B1-061C-46E5-9DD6-404B5DAAD27C}.Debug|iPhoneSimulator.Build.0 = Debug|Any CPU
		{1CA2D8B1-061C-46E5-9DD6-404B5DAAD27C}.Release|iPhone.ActiveCfg = Release|Any CPU
		{1CA2D8B1-061C-46E5-9DD6-404B5DAAD27C}.Release|iPhone.Build.0 = Release|Any CPU
		{1CA2D8B1-061C-46E5-9DD6-404B5DAAD27C}.Release|iPhoneSimulator.ActiveCfg = Release|Any CPU
		{1CA2D8B1-061C-46E5-9DD6-404B5DAAD27C}.Release|iPhoneSimulator.Build.0 = Release|Any CPU
		{1CA2D8B1-061C-46E5-9DD6-404B5DAAD27C}.Debug|iPhone.ActiveCfg = Debug|Any CPU
		{1CA2D8B1-061C-46E5-9DD6-404B5DAAD27C}.Debug|iPhone.Build.0 = Debug|Any CPU
		{67A3078B-74C1-46BB-91ED-04A3484B02E7}.Debug|Any CPU.ActiveCfg = Debug|iPhoneSimulator
		{67A3078B-74C1-46BB-91ED-04A3484B02E7}.Debug|Any CPU.Build.0 = Debug|iPhoneSimulator
		{67A3078B-74C1-46BB-91ED-04A3484B02E7}.Release|Any CPU.ActiveCfg = Release|iPhone
		{67A3078B-74C1-46BB-91ED-04A3484B02E7}.Release|Any CPU.Build.0 = Release|iPhone
		{67A3078B-74C1-46BB-91ED-04A3484B02E7}.Debug|iPhoneSimulator.ActiveCfg = Debug|iPhoneSimulator
		{67A3078B-74C1-46BB-91ED-04A3484B02E7}.Debug|iPhoneSimulator.Build.0 = Debug|iPhoneSimulator
		{67A3078B-74C1-46BB-91ED-04A3484B02E7}.Release|iPhone.ActiveCfg = Release|iPhone
		{67A3078B-74C1-46BB-91ED-04A3484B02E7}.Release|iPhone.Build.0 = Release|iPhone
		{67A3078B-74C1-46BB-91ED-04A3484B02E7}.Release|iPhoneSimulator.ActiveCfg = Release|iPhoneSimulator
		{67A3078B-74C1-46BB-91ED-04A3484B02E7}.Release|iPhoneSimulator.Build.0 = Release|iPhoneSimulator
		{67A3078B-74C1-46BB-91ED-04A3484B02E7}.Debug|iPhone.ActiveCfg = Debug|iPhone
		{67A3078B-74C1-46BB-91ED-04A3484B02E7}.Debug|iPhone.Build.0 = Debug|iPhone
		{F51BD923-E28A-4BEA-9194-9FFBA7CD04D4}.Debug|Any CPU.ActiveCfg = Debug|Any CPU
		{F51BD923-E28A-4BEA-9194-9FFBA7CD04D4}.Debug|Any CPU.Build.0 = Debug|Any CPU
		{F51BD923-E28A-4BEA-9194-9FFBA7CD04D4}.Release|Any CPU.ActiveCfg = Release|Any CPU
		{F51BD923-E28A-4BEA-9194-9FFBA7CD04D4}.Release|Any CPU.Build.0 = Release|Any CPU
		{F51BD923-E28A-4BEA-9194-9FFBA7CD04D4}.Debug|iPhoneSimulator.ActiveCfg = Debug|Any CPU
		{F51BD923-E28A-4BEA-9194-9FFBA7CD04D4}.Debug|iPhoneSimulator.Build.0 = Debug|Any CPU
		{F51BD923-E28A-4BEA-9194-9FFBA7CD04D4}.Release|iPhone.ActiveCfg = Release|Any CPU
		{F51BD923-E28A-4BEA-9194-9FFBA7CD04D4}.Release|iPhone.Build.0 = Release|Any CPU
		{F51BD923-E28A-4BEA-9194-9FFBA7CD04D4}.Release|iPhoneSimulator.ActiveCfg = Release|Any CPU
		{F51BD923-E28A-4BEA-9194-9FFBA7CD04D4}.Release|iPhoneSimulator.Build.0 = Release|Any CPU
		{F51BD923-E28A-4BEA-9194-9FFBA7CD04D4}.Debug|iPhone.ActiveCfg = Debug|Any CPU
		{F51BD923-E28A-4BEA-9194-9FFBA7CD04D4}.Debug|iPhone.Build.0 = Debug|Any CPU
	EndGlobalSection
EndGlobal
