
Microsoft Visual Studio Solution File, Format Version 12.00
# Visual Studio 15
VisualStudioVersion = 15.0.26403.7
MinimumVisualStudioVersion = 10.0.40219.1
Project("{FAE04EC0-301F-11D3-BF4B-00C04F79EFBC}") = "FlightRiskAssessment", "FlightRiskAssessment\FlightRiskAssessment\FlightRiskAssessment.csproj", "{A6A11395-851C-45E9-8411-F634C748CAEA}"
EndProject
Project("{FAE04EC0-301F-11D3-BF4B-00C04F79EFBC}") = "FlightRiskAssessment.Droid", "FlightRiskAssessment\FlightRiskAssessment.Droid\FlightRiskAssessment.Droid.csproj", "{6E79775B-BBFD-49B1-8DB7-B5EAE68F5A21}"
EndProject
Project("{FAE04EC0-301F-11D3-BF4B-00C04F79EFBC}") = "FlightRiskAssessment.iOS", "FlightRiskAssessment\FlightRiskAssessment.iOS\FlightRiskAssessment.iOS.csproj", "{FCFE1441-F707-45BC-B004-3A86C91442A2}"
EndProject
Project("{FAE04EC0-301F-11D3-BF4B-00C04F79EFBC}") = "FlightRiskAssessment.UWP", "FlightRiskAssessment\FlightRiskAssessment.UWP\FlightRiskAssessment.UWP.csproj", "{7FF9DE8B-2B88-4A5C-8AB8-7BDB3C184F78}"
EndProject
Global
	GlobalSection(SolutionConfigurationPlatforms) = preSolution
		Ad-Hoc|Any CPU = Ad-Hoc|Any CPU
		Ad-Hoc|ARM = Ad-Hoc|ARM
		Ad-Hoc|iPhone = Ad-Hoc|iPhone
		Ad-Hoc|iPhoneSimulator = Ad-Hoc|iPhoneSimulator
		Ad-Hoc|x64 = Ad-Hoc|x64
		Ad-Hoc|x86 = Ad-Hoc|x86
		AppStore|Any CPU = AppStore|Any CPU
		AppStore|ARM = AppStore|ARM
		AppStore|iPhone = AppStore|iPhone
		AppStore|iPhoneSimulator = AppStore|iPhoneSimulator
		AppStore|x64 = AppStore|x64
		AppStore|x86 = AppStore|x86
		Debug|Any CPU = Debug|Any CPU
		Debug|ARM = Debug|ARM
		Debug|iPhone = Debug|iPhone
		Debug|iPhoneSimulator = Debug|iPhoneSimulator
		Debug|x64 = Debug|x64
		Debug|x86 = Debug|x86
		Release|Any CPU = Release|Any CPU
		Release|ARM = Release|ARM
		Release|iPhone = Release|iPhone
		Release|iPhoneSimulator = Release|iPhoneSimulator
		Release|x64 = Release|x64
		Release|x86 = Release|x86
	EndGlobalSection
	GlobalSection(ProjectConfigurationPlatforms) = postSolution
		{A6A11395-851C-45E9-8411-F634C748CAEA}.Ad-Hoc|Any CPU.ActiveCfg = Release|Any CPU
		{A6A11395-851C-45E9-8411-F634C748CAEA}.Ad-Hoc|Any CPU.Build.0 = Release|Any CPU
		{A6A11395-851C-45E9-8411-F634C748CAEA}.Ad-Hoc|ARM.ActiveCfg = Release|Any CPU
		{A6A11395-851C-45E9-8411-F634C748CAEA}.Ad-Hoc|ARM.Build.0 = Release|Any CPU
		{A6A11395-851C-45E9-8411-F634C748CAEA}.Ad-Hoc|iPhone.ActiveCfg = Release|Any CPU
		{A6A11395-851C-45E9-8411-F634C748CAEA}.Ad-Hoc|iPhone.Build.0 = Release|Any CPU
		{A6A11395-851C-45E9-8411-F634C748CAEA}.Ad-Hoc|iPhoneSimulator.ActiveCfg = Release|Any CPU
		{A6A11395-851C-45E9-8411-F634C748CAEA}.Ad-Hoc|iPhoneSimulator.Build.0 = Release|Any CPU
		{A6A11395-851C-45E9-8411-F634C748CAEA}.Ad-Hoc|x64.ActiveCfg = Release|Any CPU
		{A6A11395-851C-45E9-8411-F634C748CAEA}.Ad-Hoc|x64.Build.0 = Release|Any CPU
		{A6A11395-851C-45E9-8411-F634C748CAEA}.Ad-Hoc|x86.ActiveCfg = Release|Any CPU
		{A6A11395-851C-45E9-8411-F634C748CAEA}.Ad-Hoc|x86.Build.0 = Release|Any CPU
		{A6A11395-851C-45E9-8411-F634C748CAEA}.AppStore|Any CPU.ActiveCfg = Release|Any CPU
		{A6A11395-851C-45E9-8411-F634C748CAEA}.AppStore|Any CPU.Build.0 = Release|Any CPU
		{A6A11395-851C-45E9-8411-F634C748CAEA}.AppStore|ARM.ActiveCfg = Release|Any CPU
		{A6A11395-851C-45E9-8411-F634C748CAEA}.AppStore|ARM.Build.0 = Release|Any CPU
		{A6A11395-851C-45E9-8411-F634C748CAEA}.AppStore|iPhone.ActiveCfg = Release|Any CPU
		{A6A11395-851C-45E9-8411-F634C748CAEA}.AppStore|iPhone.Build.0 = Release|Any CPU
		{A6A11395-851C-45E9-8411-F634C748CAEA}.AppStore|iPhoneSimulator.ActiveCfg = Release|Any CPU
		{A6A11395-851C-45E9-8411-F634C748CAEA}.AppStore|iPhoneSimulator.Build.0 = Release|Any CPU
		{A6A11395-851C-45E9-8411-F634C748CAEA}.AppStore|x64.ActiveCfg = Release|Any CPU
		{A6A11395-851C-45E9-8411-F634C748CAEA}.AppStore|x64.Build.0 = Release|Any CPU
		{A6A11395-851C-45E9-8411-F634C748CAEA}.AppStore|x86.ActiveCfg = Release|Any CPU
		{A6A11395-851C-45E9-8411-F634C748CAEA}.AppStore|x86.Build.0 = Release|Any CPU
		{A6A11395-851C-45E9-8411-F634C748CAEA}.Debug|Any CPU.ActiveCfg = Debug|Any CPU
		{A6A11395-851C-45E9-8411-F634C748CAEA}.Debug|Any CPU.Build.0 = Debug|Any CPU
		{A6A11395-851C-45E9-8411-F634C748CAEA}.Debug|ARM.ActiveCfg = Debug|Any CPU
		{A6A11395-851C-45E9-8411-F634C748CAEA}.Debug|ARM.Build.0 = Debug|Any CPU
		{A6A11395-851C-45E9-8411-F634C748CAEA}.Debug|iPhone.ActiveCfg = Debug|Any CPU
		{A6A11395-851C-45E9-8411-F634C748CAEA}.Debug|iPhone.Build.0 = Debug|Any CPU
		{A6A11395-851C-45E9-8411-F634C748CAEA}.Debug|iPhoneSimulator.ActiveCfg = Debug|Any CPU
		{A6A11395-851C-45E9-8411-F634C748CAEA}.Debug|iPhoneSimulator.Build.0 = Debug|Any CPU
		{A6A11395-851C-45E9-8411-F634C748CAEA}.Debug|x64.ActiveCfg = Debug|Any CPU
		{A6A11395-851C-45E9-8411-F634C748CAEA}.Debug|x64.Build.0 = Debug|Any CPU
		{A6A11395-851C-45E9-8411-F634C748CAEA}.Debug|x86.ActiveCfg = Debug|Any CPU
		{A6A11395-851C-45E9-8411-F634C748CAEA}.Debug|x86.Build.0 = Debug|Any CPU
		{A6A11395-851C-45E9-8411-F634C748CAEA}.Release|Any CPU.ActiveCfg = Release|Any CPU
		{A6A11395-851C-45E9-8411-F634C748CAEA}.Release|Any CPU.Build.0 = Release|Any CPU
		{A6A11395-851C-45E9-8411-F634C748CAEA}.Release|ARM.ActiveCfg = Release|Any CPU
		{A6A11395-851C-45E9-8411-F634C748CAEA}.Release|ARM.Build.0 = Release|Any CPU
		{A6A11395-851C-45E9-8411-F634C748CAEA}.Release|iPhone.ActiveCfg = Release|Any CPU
		{A6A11395-851C-45E9-8411-F634C748CAEA}.Release|iPhone.Build.0 = Release|Any CPU
		{A6A11395-851C-45E9-8411-F634C748CAEA}.Release|iPhoneSimulator.ActiveCfg = Release|Any CPU
		{A6A11395-851C-45E9-8411-F634C748CAEA}.Release|iPhoneSimulator.Build.0 = Release|Any CPU
		{A6A11395-851C-45E9-8411-F634C748CAEA}.Release|x64.ActiveCfg = Release|Any CPU
		{A6A11395-851C-45E9-8411-F634C748CAEA}.Release|x64.Build.0 = Release|Any CPU
		{A6A11395-851C-45E9-8411-F634C748CAEA}.Release|x86.ActiveCfg = Release|Any CPU
		{A6A11395-851C-45E9-8411-F634C748CAEA}.Release|x86.Build.0 = Release|Any CPU
		{6E79775B-BBFD-49B1-8DB7-B5EAE68F5A21}.Ad-Hoc|Any CPU.ActiveCfg = Release|Any CPU
		{6E79775B-BBFD-49B1-8DB7-B5EAE68F5A21}.Ad-Hoc|Any CPU.Build.0 = Release|Any CPU
		{6E79775B-BBFD-49B1-8DB7-B5EAE68F5A21}.Ad-Hoc|Any CPU.Deploy.0 = Release|Any CPU
		{6E79775B-BBFD-49B1-8DB7-B5EAE68F5A21}.Ad-Hoc|ARM.ActiveCfg = Release|Any CPU
		{6E79775B-BBFD-49B1-8DB7-B5EAE68F5A21}.Ad-Hoc|ARM.Build.0 = Release|Any CPU
		{6E79775B-BBFD-49B1-8DB7-B5EAE68F5A21}.Ad-Hoc|ARM.Deploy.0 = Release|Any CPU
		{6E79775B-BBFD-49B1-8DB7-B5EAE68F5A21}.Ad-Hoc|iPhone.ActiveCfg = Release|Any CPU
		{6E79775B-BBFD-49B1-8DB7-B5EAE68F5A21}.Ad-Hoc|iPhone.Build.0 = Release|Any CPU
		{6E79775B-BBFD-49B1-8DB7-B5EAE68F5A21}.Ad-Hoc|iPhone.Deploy.0 = Release|Any CPU
		{6E79775B-BBFD-49B1-8DB7-B5EAE68F5A21}.Ad-Hoc|iPhoneSimulator.ActiveCfg = Release|Any CPU
		{6E79775B-BBFD-49B1-8DB7-B5EAE68F5A21}.Ad-Hoc|iPhoneSimulator.Build.0 = Release|Any CPU
		{6E79775B-BBFD-49B1-8DB7-B5EAE68F5A21}.Ad-Hoc|iPhoneSimulator.Deploy.0 = Release|Any CPU
		{6E79775B-BBFD-49B1-8DB7-B5EAE68F5A21}.Ad-Hoc|x64.ActiveCfg = Release|Any CPU
		{6E79775B-BBFD-49B1-8DB7-B5EAE68F5A21}.Ad-Hoc|x64.Build.0 = Release|Any CPU
		{6E79775B-BBFD-49B1-8DB7-B5EAE68F5A21}.Ad-Hoc|x64.Deploy.0 = Release|Any CPU
		{6E79775B-BBFD-49B1-8DB7-B5EAE68F5A21}.Ad-Hoc|x86.ActiveCfg = Release|Any CPU
		{6E79775B-BBFD-49B1-8DB7-B5EAE68F5A21}.Ad-Hoc|x86.Build.0 = Release|Any CPU
		{6E79775B-BBFD-49B1-8DB7-B5EAE68F5A21}.Ad-Hoc|x86.Deploy.0 = Release|Any CPU
		{6E79775B-BBFD-49B1-8DB7-B5EAE68F5A21}.AppStore|Any CPU.ActiveCfg = Release|Any CPU
		{6E79775B-BBFD-49B1-8DB7-B5EAE68F5A21}.AppStore|Any CPU.Build.0 = Release|Any CPU
		{6E79775B-BBFD-49B1-8DB7-B5EAE68F5A21}.AppStore|Any CPU.Deploy.0 = Release|Any CPU
		{6E79775B-BBFD-49B1-8DB7-B5EAE68F5A21}.AppStore|ARM.ActiveCfg = Release|Any CPU
		{6E79775B-BBFD-49B1-8DB7-B5EAE68F5A21}.AppStore|ARM.Build.0 = Release|Any CPU
		{6E79775B-BBFD-49B1-8DB7-B5EAE68F5A21}.AppStore|ARM.Deploy.0 = Release|Any CPU
		{6E79775B-BBFD-49B1-8DB7-B5EAE68F5A21}.AppStore|iPhone.ActiveCfg = Release|Any CPU
		{6E79775B-BBFD-49B1-8DB7-B5EAE68F5A21}.AppStore|iPhone.Build.0 = Release|Any CPU
		{6E79775B-BBFD-49B1-8DB7-B5EAE68F5A21}.AppStore|iPhone.Deploy.0 = Release|Any CPU
		{6E79775B-BBFD-49B1-8DB7-B5EAE68F5A21}.AppStore|iPhoneSimulator.ActiveCfg = Release|Any CPU
		{6E79775B-BBFD-49B1-8DB7-B5EAE68F5A21}.AppStore|iPhoneSimulator.Build.0 = Release|Any CPU
		{6E79775B-BBFD-49B1-8DB7-B5EAE68F5A21}.AppStore|iPhoneSimulator.Deploy.0 = Release|Any CPU
		{6E79775B-BBFD-49B1-8DB7-B5EAE68F5A21}.AppStore|x64.ActiveCfg = Release|Any CPU
		{6E79775B-BBFD-49B1-8DB7-B5EAE68F5A21}.AppStore|x64.Build.0 = Release|Any CPU
		{6E79775B-BBFD-49B1-8DB7-B5EAE68F5A21}.AppStore|x64.Deploy.0 = Release|Any CPU
		{6E79775B-BBFD-49B1-8DB7-B5EAE68F5A21}.AppStore|x86.ActiveCfg = Release|Any CPU
		{6E79775B-BBFD-49B1-8DB7-B5EAE68F5A21}.AppStore|x86.Build.0 = Release|Any CPU
		{6E79775B-BBFD-49B1-8DB7-B5EAE68F5A21}.AppStore|x86.Deploy.0 = Release|Any CPU
		{6E79775B-BBFD-49B1-8DB7-B5EAE68F5A21}.Debug|Any CPU.ActiveCfg = Debug|Any CPU
		{6E79775B-BBFD-49B1-8DB7-B5EAE68F5A21}.Debug|Any CPU.Build.0 = Debug|Any CPU
		{6E79775B-BBFD-49B1-8DB7-B5EAE68F5A21}.Debug|Any CPU.Deploy.0 = Debug|Any CPU
		{6E79775B-BBFD-49B1-8DB7-B5EAE68F5A21}.Debug|ARM.ActiveCfg = Debug|Any CPU
		{6E79775B-BBFD-49B1-8DB7-B5EAE68F5A21}.Debug|ARM.Build.0 = Debug|Any CPU
		{6E79775B-BBFD-49B1-8DB7-B5EAE68F5A21}.Debug|ARM.Deploy.0 = Debug|Any CPU
		{6E79775B-BBFD-49B1-8DB7-B5EAE68F5A21}.Debug|iPhone.ActiveCfg = Debug|Any CPU
		{6E79775B-BBFD-49B1-8DB7-B5EAE68F5A21}.Debug|iPhone.Build.0 = Debug|Any CPU
		{6E79775B-BBFD-49B1-8DB7-B5EAE68F5A21}.Debug|iPhone.Deploy.0 = Debug|Any CPU
		{6E79775B-BBFD-49B1-8DB7-B5EAE68F5A21}.Debug|iPhoneSimulator.ActiveCfg = Debug|Any CPU
		{6E79775B-BBFD-49B1-8DB7-B5EAE68F5A21}.Debug|iPhoneSimulator.Build.0 = Debug|Any CPU
		{6E79775B-BBFD-49B1-8DB7-B5EAE68F5A21}.Debug|iPhoneSimulator.Deploy.0 = Debug|Any CPU
		{6E79775B-BBFD-49B1-8DB7-B5EAE68F5A21}.Debug|x64.ActiveCfg = Debug|Any CPU
		{6E79775B-BBFD-49B1-8DB7-B5EAE68F5A21}.Debug|x64.Build.0 = Debug|Any CPU
		{6E79775B-BBFD-49B1-8DB7-B5EAE68F5A21}.Debug|x64.Deploy.0 = Debug|Any CPU
		{6E79775B-BBFD-49B1-8DB7-B5EAE68F5A21}.Debug|x86.ActiveCfg = Debug|Any CPU
		{6E79775B-BBFD-49B1-8DB7-B5EAE68F5A21}.Debug|x86.Build.0 = Debug|Any CPU
		{6E79775B-BBFD-49B1-8DB7-B5EAE68F5A21}.Debug|x86.Deploy.0 = Debug|Any CPU
		{6E79775B-BBFD-49B1-8DB7-B5EAE68F5A21}.Release|Any CPU.ActiveCfg = Release|Any CPU
		{6E79775B-BBFD-49B1-8DB7-B5EAE68F5A21}.Release|Any CPU.Build.0 = Release|Any CPU
		{6E79775B-BBFD-49B1-8DB7-B5EAE68F5A21}.Release|Any CPU.Deploy.0 = Release|Any CPU
		{6E79775B-BBFD-49B1-8DB7-B5EAE68F5A21}.Release|ARM.ActiveCfg = Release|Any CPU
		{6E79775B-BBFD-49B1-8DB7-B5EAE68F5A21}.Release|ARM.Build.0 = Release|Any CPU
		{6E79775B-BBFD-49B1-8DB7-B5EAE68F5A21}.Release|ARM.Deploy.0 = Release|Any CPU
		{6E79775B-BBFD-49B1-8DB7-B5EAE68F5A21}.Release|iPhone.ActiveCfg = Release|Any CPU
		{6E79775B-BBFD-49B1-8DB7-B5EAE68F5A21}.Release|iPhone.Build.0 = Release|Any CPU
		{6E79775B-BBFD-49B1-8DB7-B5EAE68F5A21}.Release|iPhone.Deploy.0 = Release|Any CPU
		{6E79775B-BBFD-49B1-8DB7-B5EAE68F5A21}.Release|iPhoneSimulator.ActiveCfg = Release|Any CPU
		{6E79775B-BBFD-49B1-8DB7-B5EAE68F5A21}.Release|iPhoneSimulator.Build.0 = Release|Any CPU
		{6E79775B-BBFD-49B1-8DB7-B5EAE68F5A21}.Release|iPhoneSimulator.Deploy.0 = Release|Any CPU
		{6E79775B-BBFD-49B1-8DB7-B5EAE68F5A21}.Release|x64.ActiveCfg = Release|Any CPU
		{6E79775B-BBFD-49B1-8DB7-B5EAE68F5A21}.Release|x64.Build.0 = Release|Any CPU
		{6E79775B-BBFD-49B1-8DB7-B5EAE68F5A21}.Release|x64.Deploy.0 = Release|Any CPU
		{6E79775B-BBFD-49B1-8DB7-B5EAE68F5A21}.Release|x86.ActiveCfg = Release|Any CPU
		{6E79775B-BBFD-49B1-8DB7-B5EAE68F5A21}.Release|x86.Build.0 = Release|Any CPU
		{6E79775B-BBFD-49B1-8DB7-B5EAE68F5A21}.Release|x86.Deploy.0 = Release|Any CPU
		{FCFE1441-F707-45BC-B004-3A86C91442A2}.Ad-Hoc|Any CPU.ActiveCfg = Ad-Hoc|iPhone
		{FCFE1441-F707-45BC-B004-3A86C91442A2}.Ad-Hoc|ARM.ActiveCfg = Ad-Hoc|iPhone
		{FCFE1441-F707-45BC-B004-3A86C91442A2}.Ad-Hoc|iPhone.ActiveCfg = Ad-Hoc|iPhone
		{FCFE1441-F707-45BC-B004-3A86C91442A2}.Ad-Hoc|iPhone.Build.0 = Ad-Hoc|iPhone
		{FCFE1441-F707-45BC-B004-3A86C91442A2}.Ad-Hoc|iPhoneSimulator.ActiveCfg = Ad-Hoc|iPhoneSimulator
		{FCFE1441-F707-45BC-B004-3A86C91442A2}.Ad-Hoc|iPhoneSimulator.Build.0 = Ad-Hoc|iPhoneSimulator
		{FCFE1441-F707-45BC-B004-3A86C91442A2}.Ad-Hoc|x64.ActiveCfg = Ad-Hoc|iPhone
		{FCFE1441-F707-45BC-B004-3A86C91442A2}.Ad-Hoc|x86.ActiveCfg = Ad-Hoc|iPhone
		{FCFE1441-F707-45BC-B004-3A86C91442A2}.AppStore|Any CPU.ActiveCfg = AppStore|iPhone
		{FCFE1441-F707-45BC-B004-3A86C91442A2}.AppStore|ARM.ActiveCfg = AppStore|iPhone
		{FCFE1441-F707-45BC-B004-3A86C91442A2}.AppStore|iPhone.ActiveCfg = AppStore|iPhone
		{FCFE1441-F707-45BC-B004-3A86C91442A2}.AppStore|iPhone.Build.0 = AppStore|iPhone
		{FCFE1441-F707-45BC-B004-3A86C91442A2}.AppStore|iPhoneSimulator.ActiveCfg = AppStore|iPhoneSimulator
		{FCFE1441-F707-45BC-B004-3A86C91442A2}.AppStore|iPhoneSimulator.Build.0 = AppStore|iPhoneSimulator
		{FCFE1441-F707-45BC-B004-3A86C91442A2}.AppStore|x64.ActiveCfg = AppStore|iPhone
		{FCFE1441-F707-45BC-B004-3A86C91442A2}.AppStore|x86.ActiveCfg = AppStore|iPhone
		{FCFE1441-F707-45BC-B004-3A86C91442A2}.Debug|Any CPU.ActiveCfg = Debug|iPhone
		{FCFE1441-F707-45BC-B004-3A86C91442A2}.Debug|ARM.ActiveCfg = Debug|iPhone
		{FCFE1441-F707-45BC-B004-3A86C91442A2}.Debug|iPhone.ActiveCfg = Debug|iPhone
		{FCFE1441-F707-45BC-B004-3A86C91442A2}.Debug|iPhone.Build.0 = Debug|iPhone
		{FCFE1441-F707-45BC-B004-3A86C91442A2}.Debug|iPhoneSimulator.ActiveCfg = Debug|iPhoneSimulator
		{FCFE1441-F707-45BC-B004-3A86C91442A2}.Debug|iPhoneSimulator.Build.0 = Debug|iPhoneSimulator
		{FCFE1441-F707-45BC-B004-3A86C91442A2}.Debug|x64.ActiveCfg = Debug|iPhone
		{FCFE1441-F707-45BC-B004-3A86C91442A2}.Debug|x86.ActiveCfg = Debug|iPhone
		{FCFE1441-F707-45BC-B004-3A86C91442A2}.Release|Any CPU.ActiveCfg = Release|iPhone
		{FCFE1441-F707-45BC-B004-3A86C91442A2}.Release|ARM.ActiveCfg = Release|iPhone
		{FCFE1441-F707-45BC-B004-3A86C91442A2}.Release|iPhone.ActiveCfg = Release|iPhone
		{FCFE1441-F707-45BC-B004-3A86C91442A2}.Release|iPhone.Build.0 = Release|iPhone
		{FCFE1441-F707-45BC-B004-3A86C91442A2}.Release|iPhoneSimulator.ActiveCfg = Release|iPhoneSimulator
		{FCFE1441-F707-45BC-B004-3A86C91442A2}.Release|iPhoneSimulator.Build.0 = Release|iPhoneSimulator
		{FCFE1441-F707-45BC-B004-3A86C91442A2}.Release|x64.ActiveCfg = Release|iPhone
		{FCFE1441-F707-45BC-B004-3A86C91442A2}.Release|x86.ActiveCfg = Release|iPhone
		{7FF9DE8B-2B88-4A5C-8AB8-7BDB3C184F78}.Ad-Hoc|Any CPU.ActiveCfg = Release|x86
		{7FF9DE8B-2B88-4A5C-8AB8-7BDB3C184F78}.Ad-Hoc|Any CPU.Build.0 = Release|x86
		{7FF9DE8B-2B88-4A5C-8AB8-7BDB3C184F78}.Ad-Hoc|Any CPU.Deploy.0 = Release|x86
		{7FF9DE8B-2B88-4A5C-8AB8-7BDB3C184F78}.Ad-Hoc|ARM.ActiveCfg = Release|ARM
		{7FF9DE8B-2B88-4A5C-8AB8-7BDB3C184F78}.Ad-Hoc|ARM.Build.0 = Release|ARM
		{7FF9DE8B-2B88-4A5C-8AB8-7BDB3C184F78}.Ad-Hoc|ARM.Deploy.0 = Release|ARM
		{7FF9DE8B-2B88-4A5C-8AB8-7BDB3C184F78}.Ad-Hoc|iPhone.ActiveCfg = Release|x86
		{7FF9DE8B-2B88-4A5C-8AB8-7BDB3C184F78}.Ad-Hoc|iPhone.Build.0 = Release|x86
		{7FF9DE8B-2B88-4A5C-8AB8-7BDB3C184F78}.Ad-Hoc|iPhone.Deploy.0 = Release|x86
		{7FF9DE8B-2B88-4A5C-8AB8-7BDB3C184F78}.Ad-Hoc|iPhoneSimulator.ActiveCfg = Release|x86
		{7FF9DE8B-2B88-4A5C-8AB8-7BDB3C184F78}.Ad-Hoc|iPhoneSimulator.Build.0 = Release|x86
		{7FF9DE8B-2B88-4A5C-8AB8-7BDB3C184F78}.Ad-Hoc|iPhoneSimulator.Deploy.0 = Release|x86
		{7FF9DE8B-2B88-4A5C-8AB8-7BDB3C184F78}.Ad-Hoc|x64.ActiveCfg = Release|x64
		{7FF9DE8B-2B88-4A5C-8AB8-7BDB3C184F78}.Ad-Hoc|x64.Build.0 = Release|x64
		{7FF9DE8B-2B88-4A5C-8AB8-7BDB3C184F78}.Ad-Hoc|x64.Deploy.0 = Release|x64
		{7FF9DE8B-2B88-4A5C-8AB8-7BDB3C184F78}.Ad-Hoc|x86.ActiveCfg = Release|x86
		{7FF9DE8B-2B88-4A5C-8AB8-7BDB3C184F78}.Ad-Hoc|x86.Build.0 = Release|x86
		{7FF9DE8B-2B88-4A5C-8AB8-7BDB3C184F78}.Ad-Hoc|x86.Deploy.0 = Release|x86
		{7FF9DE8B-2B88-4A5C-8AB8-7BDB3C184F78}.AppStore|Any CPU.ActiveCfg = Release|x86
		{7FF9DE8B-2B88-4A5C-8AB8-7BDB3C184F78}.AppStore|Any CPU.Build.0 = Release|x86
		{7FF9DE8B-2B88-4A5C-8AB8-7BDB3C184F78}.AppStore|Any CPU.Deploy.0 = Release|x86
		{7FF9DE8B-2B88-4A5C-8AB8-7BDB3C184F78}.AppStore|ARM.ActiveCfg = Release|ARM
		{7FF9DE8B-2B88-4A5C-8AB8-7BDB3C184F78}.AppStore|ARM.Build.0 = Release|ARM
		{7FF9DE8B-2B88-4A5C-8AB8-7BDB3C184F78}.AppStore|ARM.Deploy.0 = Release|ARM
		{7FF9DE8B-2B88-4A5C-8AB8-7BDB3C184F78}.AppStore|iPhone.ActiveCfg = Release|x86
		{7FF9DE8B-2B88-4A5C-8AB8-7BDB3C184F78}.AppStore|iPhone.Build.0 = Release|x86
		{7FF9DE8B-2B88-4A5C-8AB8-7BDB3C184F78}.AppStore|iPhone.Deploy.0 = Release|x86
		{7FF9DE8B-2B88-4A5C-8AB8-7BDB3C184F78}.AppStore|iPhoneSimulator.ActiveCfg = Release|x86
		{7FF9DE8B-2B88-4A5C-8AB8-7BDB3C184F78}.AppStore|iPhoneSimulator.Build.0 = Release|x86
		{7FF9DE8B-2B88-4A5C-8AB8-7BDB3C184F78}.AppStore|iPhoneSimulator.Deploy.0 = Release|x86
		{7FF9DE8B-2B88-4A5C-8AB8-7BDB3C184F78}.AppStore|x64.ActiveCfg = Release|x64
		{7FF9DE8B-2B88-4A5C-8AB8-7BDB3C184F78}.AppStore|x64.Build.0 = Release|x64
		{7FF9DE8B-2B88-4A5C-8AB8-7BDB3C184F78}.AppStore|x64.Deploy.0 = Release|x64
		{7FF9DE8B-2B88-4A5C-8AB8-7BDB3C184F78}.AppStore|x86.ActiveCfg = Release|x86
		{7FF9DE8B-2B88-4A5C-8AB8-7BDB3C184F78}.AppStore|x86.Build.0 = Release|x86
		{7FF9DE8B-2B88-4A5C-8AB8-7BDB3C184F78}.AppStore|x86.Deploy.0 = Release|x86
		{7FF9DE8B-2B88-4A5C-8AB8-7BDB3C184F78}.Debug|Any CPU.ActiveCfg = Debug|x86
		{7FF9DE8B-2B88-4A5C-8AB8-7BDB3C184F78}.Debug|ARM.ActiveCfg = Debug|ARM
		{7FF9DE8B-2B88-4A5C-8AB8-7BDB3C184F78}.Debug|ARM.Build.0 = Debug|ARM
		{7FF9DE8B-2B88-4A5C-8AB8-7BDB3C184F78}.Debug|ARM.Deploy.0 = Debug|ARM
		{7FF9DE8B-2B88-4A5C-8AB8-7BDB3C184F78}.Debug|iPhone.ActiveCfg = Debug|x86
		{7FF9DE8B-2B88-4A5C-8AB8-7BDB3C184F78}.Debug|iPhoneSimulator.ActiveCfg = Debug|x86
		{7FF9DE8B-2B88-4A5C-8AB8-7BDB3C184F78}.Debug|x64.ActiveCfg = Debug|x64
		{7FF9DE8B-2B88-4A5C-8AB8-7BDB3C184F78}.Debug|x64.Build.0 = Debug|x64
		{7FF9DE8B-2B88-4A5C-8AB8-7BDB3C184F78}.Debug|x64.Deploy.0 = Debug|x64
		{7FF9DE8B-2B88-4A5C-8AB8-7BDB3C184F78}.Debug|x86.ActiveCfg = Debug|x86
		{7FF9DE8B-2B88-4A5C-8AB8-7BDB3C184F78}.Debug|x86.Build.0 = Debug|x86
		{7FF9DE8B-2B88-4A5C-8AB8-7BDB3C184F78}.Debug|x86.Deploy.0 = Debug|x86
		{7FF9DE8B-2B88-4A5C-8AB8-7BDB3C184F78}.Release|Any CPU.ActiveCfg = Release|x86
		{7FF9DE8B-2B88-4A5C-8AB8-7BDB3C184F78}.Release|ARM.ActiveCfg = Release|ARM
		{7FF9DE8B-2B88-4A5C-8AB8-7BDB3C184F78}.Release|ARM.Build.0 = Release|ARM
		{7FF9DE8B-2B88-4A5C-8AB8-7BDB3C184F78}.Release|ARM.Deploy.0 = Release|ARM
		{7FF9DE8B-2B88-4A5C-8AB8-7BDB3C184F78}.Release|iPhone.ActiveCfg = Release|x86
		{7FF9DE8B-2B88-4A5C-8AB8-7BDB3C184F78}.Release|iPhoneSimulator.ActiveCfg = Release|x86
		{7FF9DE8B-2B88-4A5C-8AB8-7BDB3C184F78}.Release|x64.ActiveCfg = Release|x64
		{7FF9DE8B-2B88-4A5C-8AB8-7BDB3C184F78}.Release|x64.Build.0 = Release|x64
		{7FF9DE8B-2B88-4A5C-8AB8-7BDB3C184F78}.Release|x64.Deploy.0 = Release|x64
		{7FF9DE8B-2B88-4A5C-8AB8-7BDB3C184F78}.Release|x86.ActiveCfg = Release|x86
		{7FF9DE8B-2B88-4A5C-8AB8-7BDB3C184F78}.Release|x86.Build.0 = Release|x86
		{7FF9DE8B-2B88-4A5C-8AB8-7BDB3C184F78}.Release|x86.Deploy.0 = Release|x86
	EndGlobalSection
	GlobalSection(SolutionProperties) = preSolution
		HideSolutionNode = FALSE
	EndGlobalSection
EndGlobal
